{
  "version": 4,
  "terraform_version": "1.2.7",
  "serial": 96,
  "lineage": "b998acc0-eb31-1193-83bb-49fbe8a28f14",
  "outputs": {},
  "resources": [
    {
      "mode": "managed",
      "type": "google_container_node_pool",
      "name": "node_pool",
      "provider": "provider[\"registry.terraform.io/hashicorp/google\"]",
      "instances": [
        {
          "schema_version": 1,
          "attributes": {
            "autoscaling": [
              {
                "max_node_count": 5,
                "min_node_count": 0
              }
            ],
            "cluster": "customername-k8s-cluster1",
            "id": "projects/control-plane-358307/locations/us-central1/clusters/customername-k8s-cluster1/nodePools/k8s-private-pool",
            "initial_node_count": 2,
            "instance_group_urls": [
              "https://www.googleapis.com/compute/v1/projects/control-plane-358307/zones/us-central1-a/instanceGroupManagers/gke-customername-k8s-k8s-private-pool-deee0525-grp",
              "https://www.googleapis.com/compute/v1/projects/control-plane-358307/zones/us-central1-c/instanceGroupManagers/gke-customername-k8s-k8s-private-pool-9097dbd5-grp",
              "https://www.googleapis.com/compute/v1/projects/control-plane-358307/zones/us-central1-f/instanceGroupManagers/gke-customername-k8s-k8s-private-pool-73bca9f4-grp"
            ],
            "location": "us-central1",
            "managed_instance_group_urls": [
              "https://www.googleapis.com/compute/v1/projects/control-plane-358307/zones/us-central1-a/instanceGroups/gke-customername-k8s-k8s-private-pool-deee0525-grp",
              "https://www.googleapis.com/compute/v1/projects/control-plane-358307/zones/us-central1-c/instanceGroups/gke-customername-k8s-k8s-private-pool-9097dbd5-grp",
              "https://www.googleapis.com/compute/v1/projects/control-plane-358307/zones/us-central1-f/instanceGroups/gke-customername-k8s-k8s-private-pool-73bca9f4-grp"
            ],
            "management": [
              {
                "auto_repair": true,
                "auto_upgrade": true
              }
            ],
            "max_pods_per_node": 110,
            "name": "k8s-private-pool",
            "name_prefix": "",
            "node_config": [
              {
                "boot_disk_kms_key": "",
                "disk_size_gb": 100,
                "disk_type": "pd-standard",
                "gcfs_config": [],
                "guest_accelerator": [],
                "gvnic": [],
                "image_type": "COS_CONTAINERD",
                "labels": {},
                "local_ssd_count": 0,
                "machine_type": "e2-small",
                "metadata": {
                  "disable-legacy-endpoints": "true"
                },
                "min_cpu_platform": "",
                "node_group": "",
                "oauth_scopes": [
                  "https://www.googleapis.com/auth/devstorage.read_only",
                  "https://www.googleapis.com/auth/logging.write",
                  "https://www.googleapis.com/auth/monitoring",
                  "https://www.googleapis.com/auth/service.management.readonly",
                  "https://www.googleapis.com/auth/servicecontrol",
                  "https://www.googleapis.com/auth/trace.append"
                ],
                "preemptible": false,
                "service_account": "default",
                "shielded_instance_config": [
                  {
                    "enable_integrity_monitoring": true,
                    "enable_secure_boot": false
                  }
                ],
                "spot": false,
                "tags": [
                  "k8s-private-pool"
                ],
                "taint": [],
                "workload_metadata_config": []
              }
            ],
            "node_count": 2,
            "node_locations": [
              "us-central1-a",
              "us-central1-c",
              "us-central1-f"
            ],
            "operation": null,
            "project": "control-plane-358307",
            "timeouts": null,
            "upgrade_settings": [
              {
                "max_surge": 1,
                "max_unavailable": 0
              }
            ],
            "version": "1.22.10-gke.600"
          },
          "sensitive_attributes": [],
          "private": "eyJlMmJmYjczMC1lY2FhLTExZTYtOGY4OC0zNDM2M2JjN2M0YzAiOnsiY3JlYXRlIjoxODAwMDAwMDAwMDAwLCJkZWxldGUiOjE4MDAwMDAwMDAwMDAsInVwZGF0ZSI6MTgwMDAwMDAwMDAwMH0sInNjaGVtYV92ZXJzaW9uIjoiMSJ9",
          "dependencies": [
            "module.gke.google_container_cluster.cluster",
            "module.vpc.google_compute_network.network"
          ]
        }
      ]
    },
    {
      "module": "module.firewall_rules",
      "mode": "managed",
      "type": "google_compute_firewall",
      "name": "rules",
      "provider": "provider[\"registry.terraform.io/hashicorp/google\"]",
      "instances": [
        {
          "index_key": "allow-ssh-ingress",
          "schema_version": 1,
          "attributes": {
            "allow": [
              {
                "ports": [
                  "22"
                ],
                "protocol": "tcp"
              }
            ],
            "creation_timestamp": "2022-08-28T08:35:32.030-07:00",
            "deny": [],
            "description": "",
            "destination_ranges": [],
            "direction": "INGRESS",
            "disabled": false,
            "enable_logging": null,
            "id": "projects/control-plane-358307/global/firewalls/allow-ssh-ingress",
            "log_config": [
              {
                "metadata": "INCLUDE_ALL_METADATA"
              }
            ],
            "name": "allow-ssh-ingress",
            "network": "https://www.googleapis.com/compute/v1/projects/control-plane-358307/global/networks/k8s-vpc-prod",
            "priority": 1000,
            "project": "control-plane-358307",
            "self_link": "https://www.googleapis.com/compute/v1/projects/control-plane-358307/global/firewalls/allow-ssh-ingress",
            "source_ranges": [
              "0.0.0.0/0"
            ],
            "source_service_accounts": null,
            "source_tags": null,
            "target_service_accounts": null,
            "target_tags": null,
            "timeouts": null
          },
          "sensitive_attributes": [],
          "private": "eyJlMmJmYjczMC1lY2FhLTExZTYtOGY4OC0zNDM2M2JjN2M0YzAiOnsiY3JlYXRlIjoxMjAwMDAwMDAwMDAwLCJkZWxldGUiOjEyMDAwMDAwMDAwMDAsInVwZGF0ZSI6MTIwMDAwMDAwMDAwMH0sInNjaGVtYV92ZXJzaW9uIjoiMSJ9",
          "dependencies": [
            "module.vpc.google_compute_network.network"
          ]
        }
      ]
    },
    {
      "module": "module.gke",
      "mode": "managed",
      "type": "google_container_cluster",
      "name": "cluster",
      "provider": "provider[\"registry.terraform.io/hashicorp/google\"]",
      "instances": [
        {
          "schema_version": 1,
          "attributes": {
            "addons_config": [
              {
                "cloudrun_config": [],
                "dns_cache_config": [],
                "gce_persistent_disk_csi_driver_config": [
                  {
                    "enabled": true
                  }
                ],
                "gcp_filestore_csi_driver_config": [],
                "horizontal_pod_autoscaling": [],
                "http_load_balancing": [],
                "network_policy_config": [
                  {
                    "disabled": false
                  }
                ]
              }
            ],
            "authenticator_groups_config": [],
            "binary_authorization": [
              {
                "enabled": false,
                "evaluation_mode": ""
              }
            ],
            "cluster_autoscaling": [
              {
                "auto_provisioning_defaults": [],
                "enabled": false,
                "resource_limits": []
              }
            ],
            "cluster_ipv4_cidr": "10.48.0.0/14",
            "confidential_nodes": [],
            "database_encryption": [
              {
                "key_name": "",
                "state": "DECRYPTED"
              }
            ],
            "datapath_provider": "",
            "default_max_pods_per_node": 110,
            "default_snat_status": [
              {
                "disabled": false
              }
            ],
            "description": "",
            "dns_config": [],
            "enable_autopilot": false,
            "enable_binary_authorization": false,
            "enable_intranode_visibility": false,
            "enable_kubernetes_alpha": false,
            "enable_legacy_abac": false,
            "enable_shielded_nodes": false,
            "enable_tpu": false,
            "endpoint": "35.222.162.9",
            "id": "projects/control-plane-358307/locations/us-central1/clusters/customername-k8s-cluster1",
            "initial_node_count": 1,
            "ip_allocation_policy": [
              {
                "cluster_ipv4_cidr_block": "10.48.0.0/14",
                "cluster_secondary_range_name": "k8s-pod-range",
                "services_ipv4_cidr_block": "192.168.63.0/24",
                "services_secondary_range_name": "k8s-service-range"
              }
            ],
            "label_fingerprint": "8c527d89",
            "location": "us-central1",
            "logging_config": [
              {
                "enable_components": [
                  "SYSTEM_COMPONENTS",
                  "WORKLOADS"
                ]
              }
            ],
            "logging_service": "logging.googleapis.com/kubernetes",
            "maintenance_policy": [
              {
                "daily_maintenance_window": [
                  {
                    "duration": "PT4H0M0S",
                    "start_time": "06:00"
                  }
                ],
                "maintenance_exclusion": [],
                "recurring_window": []
              }
            ],
            "master_auth": [
              {
                "client_certificate": "",
                "client_certificate_config": [
                  {
                    "issue_client_certificate": false
                  }
                ],
                "client_key": "",
                "cluster_ca_certificate": "LS0tLS1CRUdJTiBDRVJUSUZJQ0FURS0tLS0tCk1JSUVMRENDQXBTZ0F3SUJBZ0lRRWhlNGFzU3JxYTYxL2NCUVZsajJlakFOQmdrcWhraUc5dzBCQVFzRkFEQXYKTVMwd0t3WURWUVFERXlSalpXTmxaamhrT0MweU5XWTBMVFEwWm1FdE9EZGpNeTB5TVRJMk9EQmpaall4TVRBdwpJQmNOTWpJd09ESTRNVFF6TlRNeVdoZ1BNakExTWpBNE1qQXhOVE0xTXpKYU1DOHhMVEFyQmdOVkJBTVRKR05sClkyVm1PR1E0TFRJMVpqUXRORFJtWVMwNE4yTXpMVEl4TWpZNE1HTm1OakV4TURDQ0FhSXdEUVlKS29aSWh2Y04KQVFFQkJRQURnZ0dQQURDQ0FZb0NnZ0dCQUtXandxTG05ZGhJZURnOFowL0J1eUZTVmM1ZHNqTkNvNEFCOWlRVQpiVTB1RzVleDd4T1E1cUV0NHk4WDJVOFliRk9leExocFNPWVBodWFNa2JEY3M1VElhOSs2MmlvZnZ5Ykw0TktUCndCV1lZdWxhQjh6R29QbzhKNjNmV0wrQnNJMG1Uc1YxNWk1SU1RNzdvNHlvSzRFSHRCdWNuTnhsc3k0bHp4bUcKQWFLL2NqOEtUaXBqU1Q4bUxQdXFYRnZrbmwyT2tJQ1ZIaTV6b0RMRVNrbkZNNkJDamlRcUVPTlB0bnpFRlpNWgphMTVaNTdlR1ZqUjdHcW9DcE03TWNmcGxsUzQzNlpFd09CRUt3RGxyOGdmNWlwakkrWCtuSWUrbDlUcXo0YVFpCk1EbUpLS2NWa1NsMnhqK2d1UGk0ZmxXZlZ5S2JqYkhzZkF4ViswOGNOWXNwYXJQTmZudGRzcEUvY3VNVnRXajkKV0VnU091ZmJoSVcyTW5PSDlnRngvVXpBVjI5endxZDFmNUtqUTEwcU8rWEV1THltMExDUDl5R2VPanQraE1NMgpyUldqMi9hMUUyeWpyVVFxcDVLcm1NVkp5a243MzFGdVBNMVhwbXJ6UXM0MWVGdUgzdEIrZDlheGloMm81c1ZWCm1BeCs4ZHAwbGNHUFF0QThlRUJWY2ZCdmVRSURBUUFCbzBJd1FEQU9CZ05WSFE4QkFmOEVCQU1DQWdRd0R3WUQKVlIwVEFRSC9CQVV3QXdFQi96QWRCZ05WSFE0RUZnUVV2ZEQ1NXZKWGl1b0VOM29LK014QWlFTUZUWGN3RFFZSgpLb1pJaHZjTkFRRUxCUUFEZ2dHQkFBRTd0SS9MZzJydEVaOVpkamVaSWRscjU1TTMzZkRsajdDWVNHTFl0Um50CnJWdGNPRGw0d1FqTFRKc0Q0OHVrNGFQZW1tYkNYemk1OGgyTVVPR3A3Qk9WZHR4LzJLSUFac2RvT2sxd1lqZDcKNjhwcFNIeXQ1Y2lSSnVUQ3NoQUtTZk54K1EwVDFXQWthUFNZNU1YWWhVdlZzazAxSzdraDVIdElZY0NIaU4zWAptQ21kLy9tekRmK3dYeTBDeVZKWG0wbTAzUzNCY0JjWlJYS0VHcmtrNDFWSU9qTTc4NmJSOC9TS1NvOC9jOUFMCkY0Nllxb0h3N3hUYzdPd0xnR0NVc1JtejNRMWdtTTFGNUtOVVR2QlI3ZDRTcEMvSGZxZnF3amF4c1hNNnFIcXAKSGdtMFRlRXVnMFNzZnRIeTJaWFB3MDJTT0RDUk1wdFFQSTlSK2hDL3RmMUw4eUZhQ2JPWXl4YXJsZ25yWjZibApqdDhtMGpGL3JGTWx4L1BRVG1MVHdVZVBJU21LOTZQQ0w0ZmhOd2dPUEZiaU1BQW0vdlowbkhGRGpURlhpUEs0CndqU29MaGlNeVEzbEV1VThsZGYwYmNnM1dxZE1OSDVLbC8xUlltZTM5Q3NjcWl0RXp3MjZFcTZmcjhtZDNaMlkKSGxXNm9LSng4RlluSnJ0elNpYzRCdz09Ci0tLS0tRU5EIENFUlRJRklDQVRFLS0tLS0K"
              }
            ],
            "master_authorized_networks_config": [
              {
                "cidr_blocks": [
                  {
                    "cidr_block": "0.0.0.0/0",
                    "display_name": "from the Internet"
                  }
                ]
              }
            ],
            "master_version": "1.22.10-gke.600",
            "mesh_certificates": [],
            "min_master_version": "1.22.10-gke.600",
            "monitoring_config": [
              {
                "enable_components": [
                  "SYSTEM_COMPONENTS"
                ]
              }
            ],
            "monitoring_service": "monitoring.googleapis.com/kubernetes",
            "name": "customername-k8s-cluster1",
            "network": "projects/control-plane-358307/global/networks/k8s-vpc-prod",
            "network_policy": [
              {
                "enabled": true,
                "provider": ""
              }
            ],
            "networking_mode": "VPC_NATIVE",
            "node_config": [],
            "node_locations": [
              "us-central1-a",
              "us-central1-c",
              "us-central1-f"
            ],
            "node_pool": [],
            "node_version": "1.22.10-gke.600",
            "notification_config": [
              {
                "pubsub": [
                  {
                    "enabled": false,
                    "topic": ""
                  }
                ]
              }
            ],
            "operation": null,
            "private_cluster_config": [
              {
                "enable_private_endpoint": false,
                "enable_private_nodes": true,
                "master_global_access_config": [
                  {
                    "enabled": false
                  }
                ],
                "master_ipv4_cidr_block": "10.128.254.0/28",
                "peering_name": "gke-n10d2e8bec4eca7cda38-3b50-0c1d-peer",
                "private_endpoint": "10.128.254.2",
                "public_endpoint": "35.222.162.9"
              }
            ],
            "private_ipv6_google_access": "",
            "project": "control-plane-358307",
            "release_channel": [
              {
                "channel": "UNSPECIFIED"
              }
            ],
            "remove_default_node_pool": true,
            "resource_labels": {
              "kubernetescluster": "customername-k8s-cluster1"
            },
            "resource_usage_export_config": [],
            "self_link": "https://container.googleapis.com/v1/projects/control-plane-358307/locations/us-central1/clusters/customername-k8s-cluster1",
            "services_ipv4_cidr": "192.168.63.0/24",
            "subnetwork": "projects/control-plane-358307/regions/us-central1/subnetworks/k8s-private-subnet-01",
            "timeouts": null,
            "tpu_ipv4_cidr_block": "",
            "vertical_pod_autoscaling": [
              {
                "enabled": false
              }
            ],
            "workload_identity_config": []
          },
          "sensitive_attributes": [],
          "private": "eyJlMmJmYjczMC1lY2FhLTExZTYtOGY4OC0zNDM2M2JjN2M0YzAiOnsiY3JlYXRlIjoyNDAwMDAwMDAwMDAwLCJkZWxldGUiOjI0MDAwMDAwMDAwMDAsInJlYWQiOjI0MDAwMDAwMDAwMDAsInVwZGF0ZSI6MzYwMDAwMDAwMDAwMH0sInNjaGVtYV92ZXJzaW9uIjoiMSJ9",
          "dependencies": [
            "module.vpc.google_compute_network.network"
          ]
        }
      ]
    },
    {
      "module": "module.router-nat",
      "mode": "managed",
      "type": "google_compute_router",
      "name": "k8s-router",
      "provider": "provider[\"registry.terraform.io/hashicorp/google\"]",
      "instances": [
        {
          "schema_version": 0,
          "attributes": {
            "bgp": [],
            "creation_timestamp": "2022-08-28T08:35:33.034-07:00",
            "description": "",
            "encrypted_interconnect_router": false,
            "id": "projects/control-plane-358307/regions/us-central1/routers/k8s-router",
            "name": "k8s-router",
            "network": "https://www.googleapis.com/compute/v1/projects/control-plane-358307/global/networks/k8s-vpc-prod",
            "project": "control-plane-358307",
            "region": "us-central1",
            "self_link": "https://www.googleapis.com/compute/v1/projects/control-plane-358307/regions/us-central1/routers/k8s-router",
            "timeouts": null
          },
          "sensitive_attributes": [],
          "private": "eyJlMmJmYjczMC1lY2FhLTExZTYtOGY4OC0zNDM2M2JjN2M0YzAiOnsiY3JlYXRlIjoxMjAwMDAwMDAwMDAwLCJkZWxldGUiOjEyMDAwMDAwMDAwMDAsInVwZGF0ZSI6MTIwMDAwMDAwMDAwMH19",
          "dependencies": [
            "module.vpc.google_compute_network.network"
          ]
        }
      ]
    },
    {
      "module": "module.subnets",
      "mode": "managed",
      "type": "google_compute_subnetwork",
      "name": "subnetwork",
      "provider": "provider[\"registry.terraform.io/hashicorp/google\"]",
      "instances": [
        {
          "index_key": "us-central1/k8s-private-subnet-01",
          "schema_version": 0,
          "attributes": {
            "creation_timestamp": "2022-08-28T08:35:33.206-07:00",
            "description": "",
            "external_ipv6_prefix": "",
            "fingerprint": null,
            "gateway_address": "10.10.10.1",
            "id": "projects/control-plane-358307/regions/us-central1/subnetworks/k8s-private-subnet-01",
            "ip_cidr_range": "10.10.10.0/24",
            "ipv6_access_type": "",
            "ipv6_cidr_range": "",
            "log_config": [
              {
                "aggregation_interval": "INTERVAL_10_MIN",
                "filter_expr": "true",
                "flow_sampling": 0.7,
                "metadata": "INCLUDE_ALL_METADATA",
                "metadata_fields": null
              }
            ],
            "name": "k8s-private-subnet-01",
            "network": "https://www.googleapis.com/compute/v1/projects/control-plane-358307/global/networks/k8s-vpc-prod",
            "private_ip_google_access": false,
            "private_ipv6_google_access": "DISABLE_GOOGLE_ACCESS",
            "project": "control-plane-358307",
            "purpose": "PRIVATE",
            "region": "us-central1",
            "role": "",
            "secondary_ip_range": [
              {
                "ip_cidr_range": "10.48.0.0/14",
                "range_name": "k8s-pod-range"
              },
              {
                "ip_cidr_range": "192.168.63.0/24",
                "range_name": "k8s-service-range"
              }
            ],
            "self_link": "https://www.googleapis.com/compute/v1/projects/control-plane-358307/regions/us-central1/subnetworks/k8s-private-subnet-01",
            "stack_type": "IPV4_ONLY",
            "timeouts": null
          },
          "sensitive_attributes": [],
          "private": "eyJlMmJmYjczMC1lY2FhLTExZTYtOGY4OC0zNDM2M2JjN2M0YzAiOnsiY3JlYXRlIjoxMjAwMDAwMDAwMDAwLCJkZWxldGUiOjEyMDAwMDAwMDAwMDAsInVwZGF0ZSI6MTIwMDAwMDAwMDAwMH19",
          "dependencies": [
            "module.vpc.google_compute_network.network"
          ]
        }
      ]
    },
    {
      "module": "module.vpc",
      "mode": "managed",
      "type": "google_compute_network",
      "name": "network",
      "provider": "provider[\"registry.terraform.io/hashicorp/google\"]",
      "instances": [
        {
          "schema_version": 0,
          "attributes": {
            "auto_create_subnetworks": false,
            "delete_default_routes_on_create": false,
            "description": "",
            "enable_ula_internal_ipv6": false,
            "gateway_ipv4": "",
            "id": "projects/control-plane-358307/global/networks/k8s-vpc-prod",
            "internal_ipv6_range": "",
            "mtu": 1460,
            "name": "k8s-vpc-prod",
            "project": "control-plane-358307",
            "routing_mode": "GLOBAL",
            "self_link": "https://www.googleapis.com/compute/v1/projects/control-plane-358307/global/networks/k8s-vpc-prod",
            "timeouts": null
          },
          "sensitive_attributes": [],
          "private": "eyJlMmJmYjczMC1lY2FhLTExZTYtOGY4OC0zNDM2M2JjN2M0YzAiOnsiY3JlYXRlIjoxMjAwMDAwMDAwMDAwLCJkZWxldGUiOjEyMDAwMDAwMDAwMDAsInVwZGF0ZSI6MTIwMDAwMDAwMDAwMH19"
        }
      ]
    }
  ]
}
